{
  "pins" : [
    {
      "identity" : "supportCode",
      "kind" : "remoteSourceControl",
      "location" : "https://github.com/LudvigShtirner/SupportCode.git",
      "state" : {
        "branch" : "main",
        "revision" : "71177e27204f960793959119d24bdf20719ab75a"
      }
    }
  ],
  "version" : 2
}
