{
  "pins" : [
    {
      "identity" : "snapkit",
      "kind" : "remoteSourceControl",
      "location" : "https://github.com/SnapKit/SnapKit.git",
      "state" : {
        "revision" : "e74fe2a978d1216c3602b129447c7301573cc2d8",
        "version" : "5.7.0"
      }
    },
    {
      "identity" : "supportcode",
      "kind" : "remoteSourceControl",
      "location" : "https://github.com/LudvigShtirner/SupportCode.git",
      "state" : {
        "branch" : "main",
        "revision" : "2c77cbea6546a4f7cae44c60072033b75a93e1af"
      }
    }
  ],
  "version" : 2
}
